// !$*UTF8*$!
{
	archiveVersion = 1;
	classes = {
	};
	objectVersion = 50;
	objects = {

/* Begin PBXBuildFile section */
		06E31A23746D93380CA0089E /* Pods_WordChain.framework in Frameworks */ = {isa = PBXBuildFile; fileRef = DD151EA54E7A286771EC89E7 /* Pods_WordChain.framework */; };
		BB0679AA227C126800850E9C /* FriendTableViewController.swift in Sources */ = {isa = PBXBuildFile; fileRef = BB0679A9227C126800850E9C /* FriendTableViewController.swift */; };
		BB0679AE227C227400850E9C /* UserCell.swift in Sources */ = {isa = PBXBuildFile; fileRef = BB0679AC227C227400850E9C /* UserCell.swift */; };
		BB0679AF227C227400850E9C /* UserCell.xib in Resources */ = {isa = PBXBuildFile; fileRef = BB0679AD227C227400850E9C /* UserCell.xib */; };
		BB0679B5227C2E2900850E9C /* SearchFriendViewController.swift in Sources */ = {isa = PBXBuildFile; fileRef = BB0679B4227C2E2900850E9C /* SearchFriendViewController.swift */; };
		BB0679B7227C75E800850E9C /* SearchWordListViewController.swift in Sources */ = {isa = PBXBuildFile; fileRef = BB0679B6227C75E800850E9C /* SearchWordListViewController.swift */; };
		BB09BC8D2254F232001B440F /* AppDelegate.swift in Sources */ = {isa = PBXBuildFile; fileRef = BB09BC8C2254F232001B440F /* AppDelegate.swift */; };
		BB09BC922254F232001B440F /* Main.storyboard in Resources */ = {isa = PBXBuildFile; fileRef = BB09BC902254F232001B440F /* Main.storyboard */; };
		BB09BC942254F234001B440F /* Assets.xcassets in Resources */ = {isa = PBXBuildFile; fileRef = BB09BC932254F234001B440F /* Assets.xcassets */; };
		BB09BC972254F234001B440F /* LaunchScreen.storyboard in Resources */ = {isa = PBXBuildFile; fileRef = BB09BC952254F234001B440F /* LaunchScreen.storyboard */; };
		BB09BCA22254F2D4001B440F /* WordDetailViewController.swift in Sources */ = {isa = PBXBuildFile; fileRef = BB09BC9E2254F2D4001B440F /* WordDetailViewController.swift */; };
		BB09BCA32254F2D4001B440F /* Word.swift in Sources */ = {isa = PBXBuildFile; fileRef = BB09BC9F2254F2D4001B440F /* Word.swift */; };
		BB09BCA42254F2D4001B440F /* SearchViewController.swift in Sources */ = {isa = PBXBuildFile; fileRef = BB09BCA02254F2D4001B440F /* SearchViewController.swift */; };
		BB09BCA52254F2D4001B440F /* UserInfoTableViewController.swift in Sources */ = {isa = PBXBuildFile; fileRef = BB09BCA12254F2D4001B440F /* UserInfoTableViewController.swift */; };
		BB29F92C227D71A0000EA438 /* EveryDaySentence.swift in Sources */ = {isa = PBXBuildFile; fileRef = BB29F92B227D71A0000EA438 /* EveryDaySentence.swift */; };
		BB393116226C13A40041F525 /* UserSettingTableViewController.swift in Sources */ = {isa = PBXBuildFile; fileRef = BB393115226C13A40041F525 /* UserSettingTableViewController.swift */; };
		BB393118226C1CA30041F525 /* EditUserNicknameViewController.swift in Sources */ = {isa = PBXBuildFile; fileRef = BB393117226C1CA30041F525 /* EditUserNicknameViewController.swift */; };
		BB393120226DBA560041F525 /* EditUserStatusViewController.swift in Sources */ = {isa = PBXBuildFile; fileRef = BB39311F226DBA560041F525 /* EditUserStatusViewController.swift */; };
		BB44C14B227BE52700C8506A /* MomentTableViewCell.swift in Sources */ = {isa = PBXBuildFile; fileRef = BB44C149227BE52700C8506A /* MomentTableViewCell.swift */; };
		BB44C14C227BE52700C8506A /* MomentTableViewCell.xib in Resources */ = {isa = PBXBuildFile; fileRef = BB44C14A227BE52700C8506A /* MomentTableViewCell.xib */; };
		BB44C14E227BE77E00C8506A /* Moment.swift in Sources */ = {isa = PBXBuildFile; fileRef = BB44C14D227BE77E00C8506A /* Moment.swift */; };
		BB4F92A52279496600E9F695 /* LearningCardView.swift in Sources */ = {isa = PBXBuildFile; fileRef = BB4F92A42279496600E9F695 /* LearningCardView.swift */; };
		BB5C05AD2263664D0076011B /* User.swift in Sources */ = {isa = PBXBuildFile; fileRef = BB5C05AC2263664D0076011B /* User.swift */; };
		BB5C05AF226375D60076011B /* WordList.swift in Sources */ = {isa = PBXBuildFile; fileRef = BB5C05AE226375D60076011B /* WordList.swift */; };
		BB5C05B3226379430076011B /* WordListTableViewController.swift in Sources */ = {isa = PBXBuildFile; fileRef = BB5C05B2226379430076011B /* WordListTableViewController.swift */; };
		BB5C05B92266DA180076011B /* WordListDetailTableViewController.swift in Sources */ = {isa = PBXBuildFile; fileRef = BB5C05B82266DA170076011B /* WordListDetailTableViewController.swift */; };
		BB64BB4C2269F71900D13B4C /* MainTabBarController.swift in Sources */ = {isa = PBXBuildFile; fileRef = BB64BB4B2269F71900D13B4C /* MainTabBarController.swift */; };
		BB64BB4E2269F91800D13B4C /* LoginViewController.swift in Sources */ = {isa = PBXBuildFile; fileRef = BB64BB4D2269F91800D13B4C /* LoginViewController.swift */; };
		BB7730FD2271FC29005B5934 /* EditWordListTableViewController.swift in Sources */ = {isa = PBXBuildFile; fileRef = BB7730FC2271FC29005B5934 /* EditWordListTableViewController.swift */; };
		BB7730FF2272C2E9005B5934 /* EditWordListNameViewController.swift in Sources */ = {isa = PBXBuildFile; fileRef = BB7730FE2272C2E9005B5934 /* EditWordListNameViewController.swift */; };
		BB7731012272C3AC005B5934 /* EditWordListDescriptionViewController.swift in Sources */ = {isa = PBXBuildFile; fileRef = BB7731002272C3AC005B5934 /* EditWordListDescriptionViewController.swift */; };
		BB7731032273458F005B5934 /* WebKit.framework in Frameworks */ = {isa = PBXBuildFile; fileRef = BB7731022273458E005B5934 /* WebKit.framework */; };
		BBC27B622260CBB600BC7A28 /* WordDetailHtml.swift in Sources */ = {isa = PBXBuildFile; fileRef = BBC27B612260CBB600BC7A28 /* WordDetailHtml.swift */; };
		BBCC6B1D22794FC9005A0977 /* LearnViewController.swift in Sources */ = {isa = PBXBuildFile; fileRef = BBCC6B1C22794FC9005A0977 /* LearnViewController.swift */; };
		BBCC6B24227B1E4A005A0977 /* WordCell.swift in Sources */ = {isa = PBXBuildFile; fileRef = BBCC6B22227B1E4A005A0977 /* WordCell.swift */; };
		BBCC6B25227B1E4A005A0977 /* WordCell.xib in Resources */ = {isa = PBXBuildFile; fileRef = BBCC6B23227B1E4A005A0977 /* WordCell.xib */; };
		BBCE1FDE2276B9510068320B /* WordListCell.swift in Sources */ = {isa = PBXBuildFile; fileRef = BBCE1FDC2276B9510068320B /* WordListCell.swift */; };
		BBCE1FDF2276B9510068320B /* WordListCell.xib in Resources */ = {isa = PBXBuildFile; fileRef = BBCE1FDD2276B9510068320B /* WordListCell.xib */; };
		BBE0FC01226AE4250095B35B /* RegisterViewController.swift in Sources */ = {isa = PBXBuildFile; fileRef = BBE0FC00226AE4250095B35B /* RegisterViewController.swift */; };
/* End PBXBuildFile section */

/* Begin PBXFileReference section */
		87CA57190443EAB79CA441CF /* Pods-WordChain.debug.xcconfig */ = {isa = PBXFileReference; includeInIndex = 1; lastKnownFileType = text.xcconfig; name = "Pods-WordChain.debug.xcconfig"; path = "Target Support Files/Pods-WordChain/Pods-WordChain.debug.xcconfig"; sourceTree = "<group>"; };
		BB0679A9227C126800850E9C /* FriendTableViewController.swift */ = {isa = PBXFileReference; lastKnownFileType = sourcecode.swift; path = FriendTableViewController.swift; sourceTree = "<group>"; };
		BB0679AC227C227400850E9C /* UserCell.swift */ = {isa = PBXFileReference; lastKnownFileType = sourcecode.swift; path = UserCell.swift; sourceTree = "<group>"; };
		BB0679AD227C227400850E9C /* UserCell.xib */ = {isa = PBXFileReference; lastKnownFileType = file.xib; path = UserCell.xib; sourceTree = "<group>"; };
		BB0679B4227C2E2900850E9C /* SearchFriendViewController.swift */ = {isa = PBXFileReference; lastKnownFileType = sourcecode.swift; path = SearchFriendViewController.swift; sourceTree = "<group>"; };
		BB0679B6227C75E800850E9C /* SearchWordListViewController.swift */ = {isa = PBXFileReference; lastKnownFileType = sourcecode.swift; path = SearchWordListViewController.swift; sourceTree = "<group>"; };
		BB09BC892254F232001B440F /* WordChain.app */ = {isa = PBXFileReference; explicitFileType = wrapper.application; includeInIndex = 0; path = WordChain.app; sourceTree = BUILT_PRODUCTS_DIR; };
		BB09BC8C2254F232001B440F /* AppDelegate.swift */ = {isa = PBXFileReference; lastKnownFileType = sourcecode.swift; path = AppDelegate.swift; sourceTree = "<group>"; };
		BB09BC912254F232001B440F /* Base */ = {isa = PBXFileReference; lastKnownFileType = file.storyboard; name = Base; path = Base.lproj/Main.storyboard; sourceTree = "<group>"; };
		BB09BC932254F234001B440F /* Assets.xcassets */ = {isa = PBXFileReference; lastKnownFileType = folder.assetcatalog; path = Assets.xcassets; sourceTree = "<group>"; };
		BB09BC962254F234001B440F /* Base */ = {isa = PBXFileReference; lastKnownFileType = file.storyboard; name = Base; path = Base.lproj/LaunchScreen.storyboard; sourceTree = "<group>"; };
		BB09BC982254F234001B440F /* Info.plist */ = {isa = PBXFileReference; lastKnownFileType = text.plist.xml; path = Info.plist; sourceTree = "<group>"; };
		BB09BC9E2254F2D4001B440F /* WordDetailViewController.swift */ = {isa = PBXFileReference; fileEncoding = 4; lastKnownFileType = sourcecode.swift; name = WordDetailViewController.swift; path = ../WordList/WordDetailViewController.swift; sourceTree = "<group>"; };
		BB09BC9F2254F2D4001B440F /* Word.swift */ = {isa = PBXFileReference; fileEncoding = 4; lastKnownFileType = sourcecode.swift; path = Word.swift; sourceTree = "<group>"; };
		BB09BCA02254F2D4001B440F /* SearchViewController.swift */ = {isa = PBXFileReference; fileEncoding = 4; lastKnownFileType = sourcecode.swift; path = SearchViewController.swift; sourceTree = "<group>"; };
		BB09BCA12254F2D4001B440F /* UserInfoTableViewController.swift */ = {isa = PBXFileReference; fileEncoding = 4; lastKnownFileType = sourcecode.swift; path = UserInfoTableViewController.swift; sourceTree = "<group>"; };
		BB29F92B227D71A0000EA438 /* EveryDaySentence.swift */ = {isa = PBXFileReference; lastKnownFileType = sourcecode.swift; path = EveryDaySentence.swift; sourceTree = "<group>"; };
		BB393115226C13A40041F525 /* UserSettingTableViewController.swift */ = {isa = PBXFileReference; lastKnownFileType = sourcecode.swift; path = UserSettingTableViewController.swift; sourceTree = "<group>"; };
		BB393117226C1CA30041F525 /* EditUserNicknameViewController.swift */ = {isa = PBXFileReference; lastKnownFileType = sourcecode.swift; path = EditUserNicknameViewController.swift; sourceTree = "<group>"; };
		BB39311F226DBA560041F525 /* EditUserStatusViewController.swift */ = {isa = PBXFileReference; lastKnownFileType = sourcecode.swift; path = EditUserStatusViewController.swift; sourceTree = "<group>"; };
		BB44C149227BE52700C8506A /* MomentTableViewCell.swift */ = {isa = PBXFileReference; lastKnownFileType = sourcecode.swift; path = MomentTableViewCell.swift; sourceTree = "<group>"; };
		BB44C14A227BE52700C8506A /* MomentTableViewCell.xib */ = {isa = PBXFileReference; lastKnownFileType = file.xib; path = MomentTableViewCell.xib; sourceTree = "<group>"; };
		BB44C14D227BE77E00C8506A /* Moment.swift */ = {isa = PBXFileReference; lastKnownFileType = sourcecode.swift; path = Moment.swift; sourceTree = "<group>"; };
		BB4F92A42279496600E9F695 /* LearningCardView.swift */ = {isa = PBXFileReference; lastKnownFileType = sourcecode.swift; path = LearningCardView.swift; sourceTree = "<group>"; };
		BB5C05AC2263664D0076011B /* User.swift */ = {isa = PBXFileReference; lastKnownFileType = sourcecode.swift; path = User.swift; sourceTree = "<group>"; };
		BB5C05AE226375D60076011B /* WordList.swift */ = {isa = PBXFileReference; lastKnownFileType = sourcecode.swift; path = WordList.swift; sourceTree = "<group>"; };
		BB5C05B2226379430076011B /* WordListTableViewController.swift */ = {isa = PBXFileReference; lastKnownFileType = sourcecode.swift; path = WordListTableViewController.swift; sourceTree = "<group>"; };
		BB5C05B82266DA170076011B /* WordListDetailTableViewController.swift */ = {isa = PBXFileReference; lastKnownFileType = sourcecode.swift; path = WordListDetailTableViewController.swift; sourceTree = "<group>"; };
		BB64BB4B2269F71900D13B4C /* MainTabBarController.swift */ = {isa = PBXFileReference; lastKnownFileType = sourcecode.swift; path = MainTabBarController.swift; sourceTree = "<group>"; };
		BB64BB4D2269F91800D13B4C /* LoginViewController.swift */ = {isa = PBXFileReference; lastKnownFileType = sourcecode.swift; path = LoginViewController.swift; sourceTree = "<group>"; };
		BB7730FC2271FC29005B5934 /* EditWordListTableViewController.swift */ = {isa = PBXFileReference; lastKnownFileType = sourcecode.swift; path = EditWordListTableViewController.swift; sourceTree = "<group>"; };
		BB7730FE2272C2E9005B5934 /* EditWordListNameViewController.swift */ = {isa = PBXFileReference; lastKnownFileType = sourcecode.swift; path = EditWordListNameViewController.swift; sourceTree = "<group>"; };
		BB7731002272C3AC005B5934 /* EditWordListDescriptionViewController.swift */ = {isa = PBXFileReference; lastKnownFileType = sourcecode.swift; path = EditWordListDescriptionViewController.swift; sourceTree = "<group>"; };
		BB7731022273458E005B5934 /* WebKit.framework */ = {isa = PBXFileReference; lastKnownFileType = wrapper.framework; name = WebKit.framework; path = System/Library/Frameworks/WebKit.framework; sourceTree = SDKROOT; };
		BBC27B612260CBB600BC7A28 /* WordDetailHtml.swift */ = {isa = PBXFileReference; lastKnownFileType = sourcecode.swift; path = WordDetailHtml.swift; sourceTree = "<group>"; };
		BBCC6B1C22794FC9005A0977 /* LearnViewController.swift */ = {isa = PBXFileReference; fileEncoding = 4; lastKnownFileType = sourcecode.swift; path = LearnViewController.swift; sourceTree = "<group>"; };
		BBCC6B22227B1E4A005A0977 /* WordCell.swift */ = {isa = PBXFileReference; lastKnownFileType = sourcecode.swift; path = WordCell.swift; sourceTree = "<group>"; };
		BBCC6B23227B1E4A005A0977 /* WordCell.xib */ = {isa = PBXFileReference; lastKnownFileType = file.xib; path = WordCell.xib; sourceTree = "<group>"; };
		BBCE1FDC2276B9510068320B /* WordListCell.swift */ = {isa = PBXFileReference; lastKnownFileType = sourcecode.swift; path = WordListCell.swift; sourceTree = "<group>"; };
		BBCE1FDD2276B9510068320B /* WordListCell.xib */ = {isa = PBXFileReference; lastKnownFileType = file.xib; path = WordListCell.xib; sourceTree = "<group>"; };
		BBE0FC00226AE4250095B35B /* RegisterViewController.swift */ = {isa = PBXFileReference; lastKnownFileType = sourcecode.swift; path = RegisterViewController.swift; sourceTree = "<group>"; };
		CF4E753052DCD6404F69F0B7 /* Pods-WordChain.release.xcconfig */ = {isa = PBXFileReference; includeInIndex = 1; lastKnownFileType = text.xcconfig; name = "Pods-WordChain.release.xcconfig"; path = "Target Support Files/Pods-WordChain/Pods-WordChain.release.xcconfig"; sourceTree = "<group>"; };
		DD151EA54E7A286771EC89E7 /* Pods_WordChain.framework */ = {isa = PBXFileReference; explicitFileType = wrapper.framework; includeInIndex = 0; path = Pods_WordChain.framework; sourceTree = BUILT_PRODUCTS_DIR; };
/* End PBXFileReference section */

/* Begin PBXFrameworksBuildPhase section */
		BB09BC862254F232001B440F /* Frameworks */ = {
			isa = PBXFrameworksBuildPhase;
			buildActionMask = 2147483647;
			files = (
				BB7731032273458F005B5934 /* WebKit.framework in Frameworks */,
				06E31A23746D93380CA0089E /* Pods_WordChain.framework in Frameworks */,
			);
			runOnlyForDeploymentPostprocessing = 0;
		};
/* End PBXFrameworksBuildPhase section */

/* Begin PBXGroup section */
		4464DB7ADC6CC362277D54C7 /* Pods */ = {
			isa = PBXGroup;
			children = (
				87CA57190443EAB79CA441CF /* Pods-WordChain.debug.xcconfig */,
				CF4E753052DCD6404F69F0B7 /* Pods-WordChain.release.xcconfig */,
			);
			path = Pods;
			sourceTree = "<group>";
		};
		BB0679AB227C126E00850E9C /* Friend */ = {
			isa = PBXGroup;
			children = (
				BB0679A9227C126800850E9C /* FriendTableViewController.swift */,
				BB0679B4227C2E2900850E9C /* SearchFriendViewController.swift */,
			);
			path = Friend;
			sourceTree = "<group>";
		};
		BB09BC802254F232001B440F = {
			isa = PBXGroup;
			children = (
				BB09BC8B2254F232001B440F /* WordChain */,
				BB09BC8A2254F232001B440F /* Products */,
				4464DB7ADC6CC362277D54C7 /* Pods */,
				D14E9B9941DDF0E11046D2BF /* Frameworks */,
			);
			sourceTree = "<group>";
		};
		BB09BC8A2254F232001B440F /* Products */ = {
			isa = PBXGroup;
			children = (
				BB09BC892254F232001B440F /* WordChain.app */,
			);
			name = Products;
			sourceTree = "<group>";
		};
		BB09BC8B2254F232001B440F /* WordChain */ = {
			isa = PBXGroup;
			children = (
				BB43320B225A375E005F6055 /* Supporting Files */,
				BB09BC902254F232001B440F /* Main.storyboard */,
				BB5C05B7226384CF0076011B /* ViewController */,
				BB5C05B6226384C20076011B /* Cell */,
				BB5C05B5226384900076011B /* Model */,
				BB09BC982254F234001B440F /* Info.plist */,
			);
			path = WordChain;
			sourceTree = "<group>";
		};
		BB39311C226C1F1C0041F525 /* Search */ = {
			isa = PBXGroup;
			children = (
				BB09BCA02254F2D4001B440F /* SearchViewController.swift */,
				BB09BC9E2254F2D4001B440F /* WordDetailViewController.swift */,
			);
			path = Search;
			sourceTree = "<group>";
		};
		BB39311D226C1F2D0041F525 /* WordList */ = {
			isa = PBXGroup;
			children = (
				BB5C05B2226379430076011B /* WordListTableViewController.swift */,
				BB5C05B82266DA170076011B /* WordListDetailTableViewController.swift */,
				BB7730FC2271FC29005B5934 /* EditWordListTableViewController.swift */,
				BB7730FE2272C2E9005B5934 /* EditWordListNameViewController.swift */,
				BB7731002272C3AC005B5934 /* EditWordListDescriptionViewController.swift */,
				BBCC6B1C22794FC9005A0977 /* LearnViewController.swift */,
				BB4F92A42279496600E9F695 /* LearningCardView.swift */,
				BB0679B6227C75E800850E9C /* SearchWordListViewController.swift */,
			);
			path = WordList;
			sourceTree = "<group>";
		};
		BB39311E226C1F390041F525 /* User */ = {
			isa = PBXGroup;
			children = (
				BB09BCA12254F2D4001B440F /* UserInfoTableViewController.swift */,
				BB393117226C1CA30041F525 /* EditUserNicknameViewController.swift */,
				BB39311F226DBA560041F525 /* EditUserStatusViewController.swift */,
				BB393115226C13A40041F525 /* UserSettingTableViewController.swift */,
			);
			path = User;
			sourceTree = "<group>";
		};
		BB43320B225A375E005F6055 /* Supporting Files */ = {
			isa = PBXGroup;
			children = (
				BB09BC952254F234001B440F /* LaunchScreen.storyboard */,
				BB09BC8C2254F232001B440F /* AppDelegate.swift */,
				BB09BC932254F234001B440F /* Assets.xcassets */,
			);
			path = "Supporting Files";
			sourceTree = "<group>";
		};
		BB5C05B5226384900076011B /* Model */ = {
			isa = PBXGroup;
			children = (
				BB5C05AC2263664D0076011B /* User.swift */,
				BB09BC9F2254F2D4001B440F /* Word.swift */,
				BB5C05AE226375D60076011B /* WordList.swift */,
				BBC27B612260CBB600BC7A28 /* WordDetailHtml.swift */,
				BB44C14D227BE77E00C8506A /* Moment.swift */,
				BB29F92B227D71A0000EA438 /* EveryDaySentence.swift */,
			);
			path = Model;
			sourceTree = "<group>";
		};
		BB5C05B6226384C20076011B /* Cell */ = {
			isa = PBXGroup;
			children = (
				BBCE1FDC2276B9510068320B /* WordListCell.swift */,
				BBCE1FDD2276B9510068320B /* WordListCell.xib */,
				BBCC6B22227B1E4A005A0977 /* WordCell.swift */,
				BBCC6B23227B1E4A005A0977 /* WordCell.xib */,
				BB44C149227BE52700C8506A /* MomentTableViewCell.swift */,
				BB44C14A227BE52700C8506A /* MomentTableViewCell.xib */,
				BB0679AC227C227400850E9C /* UserCell.swift */,
				BB0679AD227C227400850E9C /* UserCell.xib */,
			);
			path = Cell;
			sourceTree = "<group>";
		};
		BB5C05B7226384CF0076011B /* ViewController */ = {
			isa = PBXGroup;
			children = (
				BB64BB4B2269F71900D13B4C /* MainTabBarController.swift */,
				BB64BB4D2269F91800D13B4C /* LoginViewController.swift */,
				BBE0FC00226AE4250095B35B /* RegisterViewController.swift */,
				BB39311C226C1F1C0041F525 /* Search */,
				BB39311D226C1F2D0041F525 /* WordList */,
				BB39311E226C1F390041F525 /* User */,
				BB0679AB227C126E00850E9C /* Friend */,
			);
			path = ViewController;
			sourceTree = "<group>";
		};
		D14E9B9941DDF0E11046D2BF /* Frameworks */ = {
			isa = PBXGroup;
			children = (
				BB7731022273458E005B5934 /* WebKit.framework */,
				DD151EA54E7A286771EC89E7 /* Pods_WordChain.framework */,
			);
			name = Frameworks;
			sourceTree = "<group>";
		};
/* End PBXGroup section */

/* Begin PBXNativeTarget section */
		BB09BC882254F232001B440F /* WordChain */ = {
			isa = PBXNativeTarget;
			buildConfigurationList = BB09BC9B2254F234001B440F /* Build configuration list for PBXNativeTarget "WordChain" */;
			buildPhases = (
				5CB5297A71F5164208AAEF44 /* [CP] Check Pods Manifest.lock */,
				BB09BC852254F232001B440F /* Sources */,
				BB09BC862254F232001B440F /* Frameworks */,
				BB09BC872254F232001B440F /* Resources */,
				DCCB79BF63FA0B39465DA748 /* [CP] Embed Pods Frameworks */,
			);
			buildRules = (
			);
			dependencies = (
			);
			name = WordChain;
			productName = WordChain;
			productReference = BB09BC892254F232001B440F /* WordChain.app */;
			productType = "com.apple.product-type.application";
		};
/* End PBXNativeTarget section */

/* Begin PBXProject section */
		BB09BC812254F232001B440F /* Project object */ = {
			isa = PBXProject;
			attributes = {
				LastSwiftUpdateCheck = 1020;
				LastUpgradeCheck = 1020;
				ORGANIZATIONNAME = xiaohanhan;
				TargetAttributes = {
					BB09BC882254F232001B440F = {
						CreatedOnToolsVersion = 10.2;
					};
				};
			};
			buildConfigurationList = BB09BC842254F232001B440F /* Build configuration list for PBXProject "WordChain" */;
			compatibilityVersion = "Xcode 9.3";
			developmentRegion = en;
			hasScannedForEncodings = 0;
			knownRegions = (
				en,
				Base,
			);
			mainGroup = BB09BC802254F232001B440F;
			productRefGroup = BB09BC8A2254F232001B440F /* Products */;
			projectDirPath = "";
			projectRoot = "";
			targets = (
				BB09BC882254F232001B440F /* WordChain */,
			);
		};
/* End PBXProject section */

/* Begin PBXResourcesBuildPhase section */
		BB09BC872254F232001B440F /* Resources */ = {
			isa = PBXResourcesBuildPhase;
			buildActionMask = 2147483647;
			files = (
				BB09BC972254F234001B440F /* LaunchScreen.storyboard in Resources */,
				BB44C14C227BE52700C8506A /* MomentTableViewCell.xib in Resources */,
				BB09BC942254F234001B440F /* Assets.xcassets in Resources */,
				BB09BC922254F232001B440F /* Main.storyboard in Resources */,
				BBCE1FDF2276B9510068320B /* WordListCell.xib in Resources */,
				BBCC6B25227B1E4A005A0977 /* WordCell.xib in Resources */,
				BB0679AF227C227400850E9C /* UserCell.xib in Resources */,
			);
			runOnlyForDeploymentPostprocessing = 0;
		};
/* End PBXResourcesBuildPhase section */

/* Begin PBXShellScriptBuildPhase section */
		5CB5297A71F5164208AAEF44 /* [CP] Check Pods Manifest.lock */ = {
			isa = PBXShellScriptBuildPhase;
			buildActionMask = 2147483647;
			files = (
			);
			inputFileListPaths = (
			);
			inputPaths = (
				"${PODS_PODFILE_DIR_PATH}/Podfile.lock",
				"${PODS_ROOT}/Manifest.lock",
			);
			name = "[CP] Check Pods Manifest.lock";
			outputFileListPaths = (
			);
			outputPaths = (
				"$(DERIVED_FILE_DIR)/Pods-WordChain-checkManifestLockResult.txt",
			);
			runOnlyForDeploymentPostprocessing = 0;
			shellPath = /bin/sh;
			shellScript = "diff \"${PODS_PODFILE_DIR_PATH}/Podfile.lock\" \"${PODS_ROOT}/Manifest.lock\" > /dev/null\nif [ $? != 0 ] ; then\n    # print error to STDERR\n    echo \"error: The sandbox is not in sync with the Podfile.lock. Run 'pod install' or update your CocoaPods installation.\" >&2\n    exit 1\nfi\n# This output is used by Xcode 'outputs' to avoid re-running this script phase.\necho \"SUCCESS\" > \"${SCRIPT_OUTPUT_FILE_0}\"\n";
			showEnvVarsInLog = 0;
		};
		DCCB79BF63FA0B39465DA748 /* [CP] Embed Pods Frameworks */ = {
			isa = PBXShellScriptBuildPhase;
			buildActionMask = 2147483647;
			files = (
			);
			inputFileListPaths = (
			);
			inputPaths = (
				"${PODS_ROOT}/Target Support Files/Pods-WordChain/Pods-WordChain-frameworks.sh",
				"${BUILT_PRODUCTS_DIR}/Alamofire/Alamofire.framework",
				"${BUILT_PRODUCTS_DIR}/LinearProgressBar/LinearProgressBar.framework",
			);
			name = "[CP] Embed Pods Frameworks";
			outputFileListPaths = (
			);
			outputPaths = (
				"${TARGET_BUILD_DIR}/${FRAMEWORKS_FOLDER_PATH}/Alamofire.framework",
				"${TARGET_BUILD_DIR}/${FRAMEWORKS_FOLDER_PATH}/LinearProgressBar.framework",
			);
			runOnlyForDeploymentPostprocessing = 0;
			shellPath = /bin/sh;
			shellScript = "\"${PODS_ROOT}/Target Support Files/Pods-WordChain/Pods-WordChain-frameworks.sh\"\n";
			showEnvVarsInLog = 0;
		};
/* End PBXShellScriptBuildPhase section */

/* Begin PBXSourcesBuildPhase section */
		BB09BC852254F232001B440F /* Sources */ = {
			isa = PBXSourcesBuildPhase;
			buildActionMask = 2147483647;
			files = (
				BB64BB4E2269F91800D13B4C /* LoginViewController.swift in Sources */,
				BB29F92C227D71A0000EA438 /* EveryDaySentence.swift in Sources */,
				BB5C05B3226379430076011B /* WordListTableViewController.swift in Sources */,
				BBCC6B1D22794FC9005A0977 /* LearnViewController.swift in Sources */,
				BB09BCA52254F2D4001B440F /* UserInfoTableViewController.swift in Sources */,
				BB393116226C13A40041F525 /* UserSettingTableViewController.swift in Sources */,
				BB0679AE227C227400850E9C /* UserCell.swift in Sources */,
				BB0679B5227C2E2900850E9C /* SearchFriendViewController.swift in Sources */,
				BBC27B622260CBB600BC7A28 /* WordDetailHtml.swift in Sources */,
				BB7730FF2272C2E9005B5934 /* EditWordListNameViewController.swift in Sources */,
				BB393120226DBA560041F525 /* EditUserStatusViewController.swift in Sources */,
				BB0679B7227C75E800850E9C /* SearchWordListViewController.swift in Sources */,
				BB4F92A52279496600E9F695 /* LearningCardView.swift in Sources */,
				BB09BC8D2254F232001B440F /* AppDelegate.swift in Sources */,
				BB5C05B92266DA180076011B /* WordListDetailTableViewController.swift in Sources */,
				BBE0FC01226AE4250095B35B /* RegisterViewController.swift in Sources */,
				BBCC6B24227B1E4A005A0977 /* WordCell.swift in Sources */,
				BB7731012272C3AC005B5934 /* EditWordListDescriptionViewController.swift in Sources */,
				BB393118226C1CA30041F525 /* EditUserNicknameViewController.swift in Sources */,
				BB5C05AD2263664D0076011B /* User.swift in Sources */,
				BB7730FD2271FC29005B5934 /* EditWordListTableViewController.swift in Sources */,
				BBCE1FDE2276B9510068320B /* WordListCell.swift in Sources */,
				BB44C14E227BE77E00C8506A /* Moment.swift in Sources */,
				BB64BB4C2269F71900D13B4C /* MainTabBarController.swift in Sources */,
				BB09BCA22254F2D4001B440F /* WordDetailViewController.swift in Sources */,
				BB09BCA42254F2D4001B440F /* SearchViewController.swift in Sources */,
				BB09BCA32254F2D4001B440F /* Word.swift in Sources */,
				BB5C05AF226375D60076011B /* WordList.swift in Sources */,
				BB44C14B227BE52700C8506A /* MomentTableViewCell.swift in Sources */,
				BB0679AA227C126800850E9C /* FriendTableViewController.swift in Sources */,
			);
			runOnlyForDeploymentPostprocessing = 0;
		};
/* End PBXSourcesBuildPhase section */

/* Begin PBXVariantGroup section */
		BB09BC902254F232001B440F /* Main.storyboard */ = {
			isa = PBXVariantGroup;
			children = (
				BB09BC912254F232001B440F /* Base */,
			);
			name = Main.storyboard;
			sourceTree = "<group>";
		};
		BB09BC952254F234001B440F /* LaunchScreen.storyboard */ = {
			isa = PBXVariantGroup;
			children = (
				BB09BC962254F234001B440F /* Base */,
			);
			name = LaunchScreen.storyboard;
			sourceTree = "<group>";
		};
/* End PBXVariantGroup section */

/* Begin XCBuildConfiguration section */
		BB09BC992254F234001B440F /* Debug */ = {
			isa = XCBuildConfiguration;
			buildSettings = {
				ALWAYS_SEARCH_USER_PATHS = NO;
				CLANG_ANALYZER_NONNULL = YES;
				CLANG_ANALYZER_NUMBER_OBJECT_CONVERSION = YES_AGGRESSIVE;
				CLANG_CXX_LANGUAGE_STANDARD = "gnu++14";
				CLANG_CXX_LIBRARY = "libc++";
				CLANG_ENABLE_MODULES = YES;
				CLANG_ENABLE_OBJC_ARC = YES;
				CLANG_ENABLE_OBJC_WEAK = YES;
				CLANG_WARN_BLOCK_CAPTURE_AUTORELEASING = YES;
				CLANG_WARN_BOOL_CONVERSION = YES;
				CLANG_WARN_COMMA = YES;
				CLANG_WARN_CONSTANT_CONVERSION = YES;
				CLANG_WARN_DEPRECATED_OBJC_IMPLEMENTATIONS = YES;
				CLANG_WARN_DIRECT_OBJC_ISA_USAGE = YES_ERROR;
				CLANG_WARN_DOCUMENTATION_COMMENTS = YES;
				CLANG_WARN_EMPTY_BODY = YES;
				CLANG_WARN_ENUM_CONVERSION = YES;
				CLANG_WARN_INFINITE_RECURSION = YES;
				CLANG_WARN_INT_CONVERSION = YES;
				CLANG_WARN_NON_LITERAL_NULL_CONVERSION = YES;
				CLANG_WARN_OBJC_IMPLICIT_RETAIN_SELF = YES;
				CLANG_WARN_OBJC_LITERAL_CONVERSION = YES;
				CLANG_WARN_OBJC_ROOT_CLASS = YES_ERROR;
				CLANG_WARN_RANGE_LOOP_ANALYSIS = YES;
				CLANG_WARN_STRICT_PROTOTYPES = YES;
				CLANG_WARN_SUSPICIOUS_MOVE = YES;
				CLANG_WARN_UNGUARDED_AVAILABILITY = YES_AGGRESSIVE;
				CLANG_WARN_UNREACHABLE_CODE = YES;
				CLANG_WARN__DUPLICATE_METHOD_MATCH = YES;
				CODE_SIGN_IDENTITY = "iPhone Developer";
				COPY_PHASE_STRIP = NO;
				DEBUG_INFORMATION_FORMAT = dwarf;
				ENABLE_STRICT_OBJC_MSGSEND = YES;
				ENABLE_TESTABILITY = YES;
				GCC_C_LANGUAGE_STANDARD = gnu11;
				GCC_DYNAMIC_NO_PIC = NO;
				GCC_NO_COMMON_BLOCKS = YES;
				GCC_OPTIMIZATION_LEVEL = 0;
				GCC_PREPROCESSOR_DEFINITIONS = (
					"DEBUG=1",
					"$(inherited)",
				);
				GCC_WARN_64_TO_32_BIT_CONVERSION = YES;
				GCC_WARN_ABOUT_RETURN_TYPE = YES_ERROR;
				GCC_WARN_UNDECLARED_SELECTOR = YES;
				GCC_WARN_UNINITIALIZED_AUTOS = YES_AGGRESSIVE;
				GCC_WARN_UNUSED_FUNCTION = YES;
				GCC_WARN_UNUSED_VARIABLE = YES;
				IPHONEOS_DEPLOYMENT_TARGET = 12.2;
				MTL_ENABLE_DEBUG_INFO = INCLUDE_SOURCE;
				MTL_FAST_MATH = YES;
				ONLY_ACTIVE_ARCH = YES;
				SDKROOT = iphoneos;
				SWIFT_ACTIVE_COMPILATION_CONDITIONS = DEBUG;
				SWIFT_OPTIMIZATION_LEVEL = "-Onone";
			};
			name = Debug;
		};
		BB09BC9A2254F234001B440F /* Release */ = {
			isa = XCBuildConfiguration;
			buildSettings = {
				ALWAYS_SEARCH_USER_PATHS = NO;
				CLANG_ANALYZER_NONNULL = YES;
				CLANG_ANALYZER_NUMBER_OBJECT_CONVERSION = YES_AGGRESSIVE;
				CLANG_CXX_LANGUAGE_STANDARD = "gnu++14";
				CLANG_CXX_LIBRARY = "libc++";
				CLANG_ENABLE_MODULES = YES;
				CLANG_ENABLE_OBJC_ARC = YES;
				CLANG_ENABLE_OBJC_WEAK = YES;
				CLANG_WARN_BLOCK_CAPTURE_AUTORELEASING = YES;
				CLANG_WARN_BOOL_CONVERSION = YES;
				CLANG_WARN_COMMA = YES;
				CLANG_WARN_CONSTANT_CONVERSION = YES;
				CLANG_WARN_DEPRECATED_OBJC_IMPLEMENTATIONS = YES;
				CLANG_WARN_DIRECT_OBJC_ISA_USAGE = YES_ERROR;
				CLANG_WARN_DOCUMENTATION_COMMENTS = YES;
				CLANG_WARN_EMPTY_BODY = YES;
				CLANG_WARN_ENUM_CONVERSION = YES;
				CLANG_WARN_INFINITE_RECURSION = YES;
				CLANG_WARN_INT_CONVERSION = YES;
				CLANG_WARN_NON_LITERAL_NULL_CONVERSION = YES;
				CLANG_WARN_OBJC_IMPLICIT_RETAIN_SELF = YES;
				CLANG_WARN_OBJC_LITERAL_CONVERSION = YES;
				CLANG_WARN_OBJC_ROOT_CLASS = YES_ERROR;
				CLANG_WARN_RANGE_LOOP_ANALYSIS = YES;
				CLANG_WARN_STRICT_PROTOTYPES = YES;
				CLANG_WARN_SUSPICIOUS_MOVE = YES;
				CLANG_WARN_UNGUARDED_AVAILABILITY = YES_AGGRESSIVE;
				CLANG_WARN_UNREACHABLE_CODE = YES;
				CLANG_WARN__DUPLICATE_METHOD_MATCH = YES;
				CODE_SIGN_IDENTITY = "iPhone Developer";
				COPY_PHASE_STRIP = NO;
				DEBUG_INFORMATION_FORMAT = "dwarf-with-dsym";
				ENABLE_NS_ASSERTIONS = NO;
				ENABLE_STRICT_OBJC_MSGSEND = YES;
				GCC_C_LANGUAGE_STANDARD = gnu11;
				GCC_NO_COMMON_BLOCKS = YES;
				GCC_WARN_64_TO_32_BIT_CONVERSION = YES;
				GCC_WARN_ABOUT_RETURN_TYPE = YES_ERROR;
				GCC_WARN_UNDECLARED_SELECTOR = YES;
				GCC_WARN_UNINITIALIZED_AUTOS = YES_AGGRESSIVE;
				GCC_WARN_UNUSED_FUNCTION = YES;
				GCC_WARN_UNUSED_VARIABLE = YES;
				IPHONEOS_DEPLOYMENT_TARGET = 12.2;
				MTL_ENABLE_DEBUG_INFO = NO;
				MTL_FAST_MATH = YES;
				SDKROOT = iphoneos;
				SWIFT_COMPILATION_MODE = wholemodule;
				SWIFT_OPTIMIZATION_LEVEL = "-O";
				VALIDATE_PRODUCT = YES;
			};
			name = Release;
		};
		BB09BC9C2254F234001B440F /* Debug */ = {
			isa = XCBuildConfiguration;
			baseConfigurationReference = 87CA57190443EAB79CA441CF /* Pods-WordChain.debug.xcconfig */;
			buildSettings = {
				ALWAYS_SEARCH_USER_PATHS = NO;
				ASSETCATALOG_COMPILER_APPICON_NAME = AppIcon;
				CODE_SIGN_STYLE = Automatic;
				DEVELOPMENT_TEAM = 5E5TGNLN9K;
				INFOPLIST_FILE = WordChain/Info.plist;
				IPHONEOS_DEPLOYMENT_TARGET = 12.2;
				LD_RUNPATH_SEARCH_PATHS = (
					"$(inherited)",
					"@executable_path/Frameworks",
				);
				PRODUCT_BUNDLE_IDENTIFIER = xiaohanhan.WordChain;
				PRODUCT_NAME = "$(TARGET_NAME)";
				SWIFT_VERSION = 5.0;
				TARGETED_DEVICE_FAMILY = 1;
				USER_HEADER_SEARCH_PATHS = (
					"${SRCROOT}/**",
					"${PODS_ROOT}/**",
				);
			};
			name = Debug;
		};
		BB09BC9D2254F234001B440F /* Release */ = {
			isa = XCBuildConfiguration;
			baseConfigurationReference = CF4E753052DCD6404F69F0B7 /* Pods-WordChain.release.xcconfig */;
			buildSettings = {
				ALWAYS_SEARCH_USER_PATHS = NO;
				ASSETCATALOG_COMPILER_APPICON_NAME = AppIcon;
				CODE_SIGN_STYLE = Automatic;
				DEVELOPMENT_TEAM = 5E5TGNLN9K;
				INFOPLIST_FILE = WordChain/Info.plist;
				IPHONEOS_DEPLOYMENT_TARGET = 12.2;
				LD_RUNPATH_SEARCH_PATHS = (
					"$(inherited)",
					"@executable_path/Frameworks",
				);
				PRODUCT_BUNDLE_IDENTIFIER = xiaohanhan.WordChain;
				PRODUCT_NAME = "$(TARGET_NAME)";
				SWIFT_VERSION = 5.0;
				TARGETED_DEVICE_FAMILY = 1;
				USER_HEADER_SEARCH_PATHS = (
					"${SRCROOT}/**",
					"${PODS_ROOT}/**",
				);
			};
			name = Release;
		};
/* End XCBuildConfiguration section */

/* Begin XCConfigurationList section */
		BB09BC842254F232001B440F /* Build configuration list for PBXProject "WordChain" */ = {
			isa = XCConfigurationList;
			buildConfigurations = (
				BB09BC992254F234001B440F /* Debug */,
				BB09BC9A2254F234001B440F /* Release */,
			);
			defaultConfigurationIsVisible = 0;
			defaultConfigurationName = Release;
		};
		BB09BC9B2254F234001B440F /* Build configuration list for PBXNativeTarget "WordChain" */ = {
			isa = XCConfigurationList;
			buildConfigurations = (
				BB09BC9C2254F234001B440F /* Debug */,
				BB09BC9D2254F234001B440F /* Release */,
			);
			defaultConfigurationIsVisible = 0;
			defaultConfigurationName = Release;
		};
/* End XCConfigurationList section */
	};
	rootObject = BB09BC812254F232001B440F /* Project object */;
}
